
Microsoft Visual Studio Solution File, Format Version 12.00
# Visual Studio Version 16
VisualStudioVersion = 16.0.31025.194
MinimumVisualStudioVersion = 10.0.40219.1
Project("{9A19103F-16F7-4668-BE54-9A1E7A4F7556}") = "KampIntro", "KampIntro\KampIntro.csproj", "{87589A67-F772-4A91-ACA6-441D75B7778E}"
EndProject
Project("{9A19103F-16F7-4668-BE54-9A1E7A4F7556}") = "Donguler", "Donguler\Donguler.csproj", "{F4835979-8ADB-4A90-803F-125FD4017159}"
EndProject
Project("{9A19103F-16F7-4668-BE54-9A1E7A4F7556}") = "Matematik", "Matematik\Matematik.csproj", "{C8110159-878A-4D7F-9F1D-E6F8D46B4725}"
EndProject
Project("{9A19103F-16F7-4668-BE54-9A1E7A4F7556}") = "Metotlar", "Metotlar\Metotlar.csproj", "{6F609D02-60E9-438D-98EC-AC2BD5532DE9}"
EndProject
Project("{9A19103F-16F7-4668-BE54-9A1E7A4F7556}") = "ProductDers1Odev", "ProductDers1Odev\ProductDers1Odev.csproj", "{A1FCE1CC-152A-4C1E-96B5-89A668BC3CF1}"
EndProject
Project("{FAE04EC0-301F-11D3-BF4B-00C04F79EFBC}") = "ClassIntro", "ClassIntro\ClassIntro.csproj", "{63889D6E-018C-43A5-99C3-1A3723FD243A}"
EndProject
Project("{FAE04EC0-301F-11D3-BF4B-00C04F79EFBC}") = "DegerveReferansTipleri", "DegerveReferansTipleri\DegerveReferansTipleri.csproj", "{488622ED-A810-4CC6-B7EC-2D8CA804BE4C}"
EndProject
Global
	GlobalSection(SolutionConfigurationPlatforms) = preSolution
		Debug|Any CPU = Debug|Any CPU
		Release|Any CPU = Release|Any CPU
	EndGlobalSection
	GlobalSection(ProjectConfigurationPlatforms) = postSolution
		{87589A67-F772-4A91-ACA6-441D75B7778E}.Debug|Any CPU.ActiveCfg = Debug|Any CPU
		{87589A67-F772-4A91-ACA6-441D75B7778E}.Debug|Any CPU.Build.0 = Debug|Any CPU
		{87589A67-F772-4A91-ACA6-441D75B7778E}.Release|Any CPU.ActiveCfg = Release|Any CPU
		{87589A67-F772-4A91-ACA6-441D75B7778E}.Release|Any CPU.Build.0 = Release|Any CPU
		{F4835979-8ADB-4A90-803F-125FD4017159}.Debug|Any CPU.ActiveCfg = Debug|Any CPU
		{F4835979-8ADB-4A90-803F-125FD4017159}.Debug|Any CPU.Build.0 = Debug|Any CPU
		{F4835979-8ADB-4A90-803F-125FD4017159}.Release|Any CPU.ActiveCfg = Release|Any CPU
		{F4835979-8ADB-4A90-803F-125FD4017159}.Release|Any CPU.Build.0 = Release|Any CPU
		{C8110159-878A-4D7F-9F1D-E6F8D46B4725}.Debug|Any CPU.ActiveCfg = Debug|Any CPU
		{C8110159-878A-4D7F-9F1D-E6F8D46B4725}.Debug|Any CPU.Build.0 = Debug|Any CPU
		{C8110159-878A-4D7F-9F1D-E6F8D46B4725}.Release|Any CPU.ActiveCfg = Release|Any CPU
		{C8110159-878A-4D7F-9F1D-E6F8D46B4725}.Release|Any CPU.Build.0 = Release|Any CPU
		{6F609D02-60E9-438D-98EC-AC2BD5532DE9}.Debug|Any CPU.ActiveCfg = Debug|Any CPU
		{6F609D02-60E9-438D-98EC-AC2BD5532DE9}.Debug|Any CPU.Build.0 = Debug|Any CPU
		{6F609D02-60E9-438D-98EC-AC2BD5532DE9}.Release|Any CPU.ActiveCfg = Release|Any CPU
		{6F609D02-60E9-438D-98EC-AC2BD5532DE9}.Release|Any CPU.Build.0 = Release|Any CPU
		{A1FCE1CC-152A-4C1E-96B5-89A668BC3CF1}.Debug|Any CPU.ActiveCfg = Debug|Any CPU
		{A1FCE1CC-152A-4C1E-96B5-89A668BC3CF1}.Debug|Any CPU.Build.0 = Debug|Any CPU
		{A1FCE1CC-152A-4C1E-96B5-89A668BC3CF1}.Release|Any CPU.ActiveCfg = Release|Any CPU
		{A1FCE1CC-152A-4C1E-96B5-89A668BC3CF1}.Release|Any CPU.Build.0 = Release|Any CPU
		{63889D6E-018C-43A5-99C3-1A3723FD243A}.Debug|Any CPU.ActiveCfg = Debug|Any CPU
		{63889D6E-018C-43A5-99C3-1A3723FD243A}.Debug|Any CPU.Build.0 = Debug|Any CPU
		{63889D6E-018C-43A5-99C3-1A3723FD243A}.Release|Any CPU.ActiveCfg = Release|Any CPU
		{63889D6E-018C-43A5-99C3-1A3723FD243A}.Release|Any CPU.Build.0 = Release|Any CPU
		{488622ED-A810-4CC6-B7EC-2D8CA804BE4C}.Debug|Any CPU.ActiveCfg = Debug|Any CPU
		{488622ED-A810-4CC6-B7EC-2D8CA804BE4C}.Debug|Any CPU.Build.0 = Debug|Any CPU
		{488622ED-A810-4CC6-B7EC-2D8CA804BE4C}.Release|Any CPU.ActiveCfg = Release|Any CPU
		{488622ED-A810-4CC6-B7EC-2D8CA804BE4C}.Release|Any CPU.Build.0 = Release|Any CPU
	EndGlobalSection
	GlobalSection(SolutionProperties) = preSolution
		HideSolutionNode = FALSE
	EndGlobalSection
	GlobalSection(ExtensibilityGlobals) = postSolution
		SolutionGuid = {C1C503B8-C733-4D40-9305-90E3622373B2}
	EndGlobalSection
EndGlobal
